// !$*UTF8*$!
{
	archiveVersion = 1;
	classes = {
	};
	objectVersion = 56;
	objects = {

/* Begin PBXBuildFile section */
		CAFE0001000000000000000A /* AwakeApp.swift in Sources */ = {isa = PBXBuildFile; fileRef = CAFE0002000000000000000A /* AwakeApp.swift */; };
		CAFE0001000000000000000B /* AppState.swift in Sources */ = {isa = PBXBuildFile; fileRef = CAFE0002000000000000000B /* AppState.swift */; };
		CAFE0001000000000000000C /* AppMenu.swift in Sources */ = {isa = PBXBuildFile; fileRef = CAFE0002000000000000000C /* AppMenu.swift */; };
		CAFE0001000000000000000E /* ScheduleSettingsView.swift in Sources */ = {isa = PBXBuildFile; fileRef = CAFE0002000000000000001A /* ScheduleSettingsView.swift */; };
		CAFE0001000000000000000D /* IOKit.framework in Frameworks */ = {isa = PBXBuildFile; fileRef = CAFE0002000000000000000D /* IOKit.framework */; };
/* End PBXBuildFile section */

/* Begin PBXFileReference section */
		CAFE0002000000000000000A /* AwakeApp.swift */ = {isa = PBXFileReference; lastKnownFileType = sourcecode.swift; path = AwakeApp.swift; sourceTree = "<group>"; };
		CAFE0002000000000000000B /* AppState.swift */ = {isa = PBXFileReference; lastKnownFileType = sourcecode.swift; path = AppState.swift; sourceTree = "<group>"; };
		CAFE0002000000000000000C /* AppMenu.swift */ = {isa = PBXFileReference; lastKnownFileType = sourcecode.swift; path = AppMenu.swift; sourceTree = "<group>"; };
		CAFE0002000000000000001A /* ScheduleSettingsView.swift */ = {isa = PBXFileReference; lastKnownFileType = sourcecode.swift; path = ScheduleSettingsView.swift; sourceTree = "<group>"; };
		CAFE0002000000000000000D /* IOKit.framework */ = {isa = PBXFileReference; lastKnownFileType = wrapper.framework; name = IOKit.framework; path = System/Library/Frameworks/IOKit.framework; sourceTree = SDKROOT; };
		CAFE0002000000000000000E /* Info.plist */ = {isa = PBXFileReference; lastKnownFileType = text.plist.xml; path = Info.plist; sourceTree = "<group>"; };
		CAFE0002000000000000000F /* Awake.app */ = {isa = PBXFileReference; explicitFileType = wrapper.application; includeInIndex = 0; path = Awake.app; sourceTree = BUILT_PRODUCTS_DIR; };
/* End PBXFileReference section */

/* Begin PBXFrameworksBuildPhase section */
		CAFE0003000000000000000B /* Frameworks */ = {
			isa = PBXFrameworksBuildPhase;
			buildActionMask = 2147483647;
			files = (
				CAFE0001000000000000000D /* IOKit.framework in Frameworks */,
			);
			runOnlyForDeploymentPostprocessing = 0;
		};
/* End PBXFrameworksBuildPhase section */

/* Begin PBXGroup section */
		CAFE0004000000000000000A = {
			isa = PBXGroup;
			children = (
				CAFE0004000000000000000B /* Awake */,
				CAFE0004000000000000000C /* Frameworks */,
				CAFE0004000000000000000D /* Products */,
			);
			sourceTree = "<group>";
		};
		CAFE0004000000000000000B /* Awake */ = {
			isa = PBXGroup;
			children = (
				CAFE0002000000000000000A /* AwakeApp.swift */,
				CAFE0002000000000000000B /* AppState.swift */,
				CAFE0002000000000000000C /* AppMenu.swift */,
				CAFE0002000000000000001A /* ScheduleSettingsView.swift */,
				CAFE0002000000000000000E /* Info.plist */,
			);
			path = Awake;
			sourceTree = "<group>";
		};
		CAFE0004000000000000000C /* Frameworks */ = {
			isa = PBXGroup;
			children = (
				CAFE0002000000000000000D /* IOKit.framework */,
			);
			name = Frameworks;
			sourceTree = "<group>";
		};
		CAFE0004000000000000000D /* Products */ = {
			isa = PBXGroup;
			children = (
				CAFE0002000000000000000F /* Awake.app */,
			);
			name = Products;
			sourceTree = "<group>";
		};
/* End PBXGroup section */

/* Begin PBXNativeTarget section */
		CAFE0005000000000000000A /* Awake */ = {
			isa = PBXNativeTarget;
			buildConfigurationList = CAFE0008000000000000000B /* Build configuration list for PBXNativeTarget "Awake" */;
			buildPhases = (
				CAFE0003000000000000000A /* Sources */,
				CAFE0003000000000000000B /* Frameworks */,
				CAFE0003000000000000000C /* Resources */,
			);
			buildRules = (
			);
			dependencies = (
			);
			name = Awake;
			productName = Awake;
			productReference = CAFE0002000000000000000F /* Awake.app */;
			productType = "com.apple.product-type.application";
		};
/* End PBXNativeTarget section */

/* Begin PBXProject section */
		CAFE0006000000000000000A /* Project object */ = {
			isa = PBXProject;
			attributes = {
				BuildIndependentTargetsInParallel = 1;
				LastSwiftUpdateCheck = 1540;
				LastUpgradeCheck = 1540;
				TargetAttributes = {
					CAFE0005000000000000000A = {
						CreatedOnToolsVersion = 15.4;
					};
				};
			};
			buildConfigurationList = CAFE0008000000000000000A /* Build configuration list for PBXProject "Awake" */;
			compatibilityVersion = "Xcode 14.0";
			developmentRegion = en;
			hasScannedForEncodings = 0;
			knownRegions = (
				en,
				Base,
			);
			mainGroup = CAFE0004000000000000000A;
			productRefGroup = CAFE0004000000000000000D /* Products */;
			projectDirPath = "";
			projectRoot = "";
			targets = (
				CAFE0005000000000000000A /* Awake */,
			);
		};
/* End PBXProject section */

/* Begin PBXResourcesBuildPhase section */
		CAFE0003000000000000000C /* Resources */ = {
			isa = PBXResourcesBuildPhase;
			buildActionMask = 2147483647;
			files = (
			);
			runOnlyForDeploymentPostprocessing = 0;
		};
/* End PBXResourcesBuildPhase section */

/* Begin PBXSourcesBuildPhase section */
		CAFE0003000000000000000A /* Sources */ = {
			isa = PBXSourcesBuildPhase;
			buildActionMask = 2147483647;
			files = (
				CAFE0001000000000000000A /* AwakeApp.swift in Sources */,
				CAFE0001000000000000000B /* AppState.swift in Sources */,
				CAFE0001000000000000000C /* AppMenu.swift in Sources */,
				CAFE0001000000000000000E /* ScheduleSettingsView.swift in Sources */,
			);
			runOnlyForDeploymentPostprocessing = 0;
		};
/* End PBXSourcesBuildPhase section */

/* Begin XCBuildConfiguration section */
		CAFE0007000000000000000A /* Debug */ = {
			isa = XCBuildConfiguration;
			buildSettings = {
				ALWAYS_SEARCH_USER_PATHS = NO;
				CLANG_ENABLE_MODULES = YES;
				CLANG_ENABLE_OBJC_ARC = YES;
				CLANG_WARN_BOOL_CONVERSION = YES;
				CLANG_WARN_CONSTANT_CONVERSION = YES;
				CLANG_WARN_DEPRECATED_OBJC_IMPLEMENTATIONS = YES;
				CLANG_WARN_DIRECT_OBJC_ISA_USAGE = YES_ERROR;
				CLANG_WARN_EMPTY_BODY = YES;
				CLANG_WARN_ENUM_CONVERSION = YES;
				CLANG_WARN_INT_CONVERSION = YES;
				CLANG_WARN_OBJC_ROOT_CLASS = YES_ERROR;
				CLANG_WARN_UNREACHABLE_CODE = YES;
				CLANG_WARN__DUPLICATE_METHOD_MATCH = YES;
				CODE_SIGN_IDENTITY = "";
				COPY_PHASE_STRIP = NO;
				DEBUG_INFORMATION_FORMAT = dwarf;
				ENABLE_STRICT_OBJC_MSGSEND = YES;
				ENABLE_TESTABILITY = YES;
				GCC_C_LANGUAGE_STANDARD = gnu17;
				GCC_DYNAMIC_NO_PIC = NO;
				GCC_NO_COMMON_BLOCKS = YES;
				GCC_OPTIMIZATION_LEVEL = 0;
				GCC_PREPROCESSOR_DEFINITIONS = (
					"DEBUG=1",
					"$(inherited)",
				);
				GCC_WARN_64_TO_32_BIT_CONVERSION = YES;
				GCC_WARN_ABOUT_RETURN_TYPE = YES_ERROR;
				GCC_WARN_UNDECLARED_SELECTOR = YES;
				GCC_WARN_UNINITIALIZED_AUTOS = YES_AGGRESSIVE;
				GCC_WARN_UNUSED_FUNCTION = YES;
				GCC_WARN_UNUSED_VARIABLE = YES;
				MACOSX_DEPLOYMENT_TARGET = 13.0;
				ONLY_ACTIVE_ARCH = YES;
				SDKROOT = macosx;
				SWIFT_ACTIVE_COMPILATION_CONDITIONS = "DEBUG $(inherited)";
				SWIFT_OPTIMIZATION_LEVEL = "-Onone";
			};
			name = Debug;
		};
		CAFE0007000000000000000B /* Release */ = {
			isa = XCBuildConfiguration;
			buildSettings = {
				ALWAYS_SEARCH_USER_PATHS = NO;
				CLANG_ENABLE_MODULES = YES;
				CLANG_ENABLE_OBJC_ARC = YES;
				CODE_SIGN_IDENTITY = "";
				COPY_PHASE_STRIP = NO;
				DEBUG_INFORMATION_FORMAT = "dwarf-with-dsym";
				ENABLE_NS_ASSERTIONS = NO;
				ENABLE_STRICT_OBJC_MSGSEND = YES;
				GCC_C_LANGUAGE_STANDARD = gnu17;
				GCC_NO_COMMON_BLOCKS = YES;
				GCC_WARN_64_TO_32_BIT_CONVERSION = YES;
				GCC_WARN_ABOUT_RETURN_TYPE = YES_ERROR;
				GCC_WARN_UNDECLARED_SELECTOR = YES;
				GCC_WARN_UNINITIALIZED_AUTOS = YES_AGGRESSIVE;
				GCC_WARN_UNUSED_FUNCTION = YES;
				GCC_WARN_UNUSED_VARIABLE = YES;
				MACOSX_DEPLOYMENT_TARGET = 13.0;
				SDKROOT = macosx;
				SWIFT_COMPILATION_MODE = wholemodule;
			};
			name = Release;
		};
		CAFE0007000000000000000C /* Debug */ = {
			isa = XCBuildConfiguration;
			buildSettings = {
				CODE_SIGN_IDENTITY = "";
				CODE_SIGN_STYLE = Manual;
				COMBINE_HIDPI_IMAGES = YES;
				CURRENT_PROJECT_VERSION = 1;
				GENERATE_INFOPLIST_FILE = NO;
				INFOPLIST_FILE = Awake/Info.plist;
				MARKETING_VERSION = 1.0;
				PRODUCT_BUNDLE_IDENTIFIER = com.awake.app;
				PRODUCT_NAME = $(TARGET_NAME);
				SWIFT_EMIT_LOC_STRINGS = YES;
				SWIFT_VERSION = 5.0;
				VERSIONING_SYSTEM = "apple-generic";
			};
			name = Debug;
		};
		CAFE0007000000000000000D /* Release */ = {
			isa = XCBuildConfiguration;
			buildSettings = {
				CODE_SIGN_IDENTITY = "";
				CODE_SIGN_STYLE = Manual;
				COMBINE_HIDPI_IMAGES = YES;
				CURRENT_PROJECT_VERSION = 1;
				GENERATE_INFOPLIST_FILE = NO;
				INFOPLIST_FILE = Awake/Info.plist;
				MARKETING_VERSION = 1.0;
				PRODUCT_BUNDLE_IDENTIFIER = com.awake.app;
				PRODUCT_NAME = $(TARGET_NAME);
				SWIFT_EMIT_LOC_STRINGS = YES;
				SWIFT_VERSION = 5.0;
				VERSIONING_SYSTEM = "apple-generic";
			};
			name = Release;
		};
/* End XCBuildConfiguration section */

/* Begin XCConfigurationList section */
		CAFE0008000000000000000A /* Build configuration list for PBXProject "Awake" */ = {
			isa = XCConfigurationList;
			buildConfigurations = (
				CAFE0007000000000000000A /* Debug */,
				CAFE0007000000000000000B /* Release */,
			);
			defaultConfigurationIsVisible = 0;
			defaultConfigurationName = Release;
		};
		CAFE0008000000000000000B /* Build configuration list for PBXNativeTarget "Awake" */ = {
			isa = XCConfigurationList;
			buildConfigurations = (
				CAFE0007000000000000000C /* Debug */,
				CAFE0007000000000000000D /* Release */,
			);
			defaultConfigurationIsVisible = 0;
			defaultConfigurationName = Release;
		};
/* End XCConfigurationList section */

	};
	rootObject = CAFE0006000000000000000A /* Project object */;
}
